
Microsoft Visual Studio Solution File, Format Version 12.00
# Visual Studio Version 16
VisualStudioVersion = 16.0.31729.503
MinimumVisualStudioVersion = 10.0.40219.1
Project("{FAE04EC0-301F-11D3-BF4B-00C04F79EFBC}") = "Tema 21", "Tema 21\Tema 21.csproj", "{E7886E87-BF10-454A-81C4-BB0EAB766D71}"
EndProject
Global
	GlobalSection(SolutionConfigurationPlatforms) = preSolution
		Debug|Any CPU = Debug|Any CPU
		Release|Any CPU = Release|Any CPU
	EndGlobalSection
	GlobalSection(ProjectConfigurationPlatforms) = postSolution
		{E7886E87-BF10-454A-81C4-BB0EAB766D71}.Debug|Any CPU.ActiveCfg = Debug|Any CPU
		{E7886E87-BF10-454A-81C4-BB0EAB766D71}.Debug|Any CPU.Build.0 = Debug|Any CPU
		{E7886E87-BF10-454A-81C4-BB0EAB766D71}.Release|Any CPU.ActiveCfg = Release|Any CPU
		{E7886E87-BF10-454A-81C4-BB0EAB766D71}.Release|Any CPU.Build.0 = Release|Any CPU
	EndGlobalSection
	GlobalSection(SolutionProperties) = preSolution
		HideSolutionNode = FALSE
	EndGlobalSection
	GlobalSection(ExtensibilityGlobals) = postSolution
		SolutionGuid = {15D01A7C-3196-42B8-AD39-2E64C7A09AF3}
	EndGlobalSection
EndGlobal
