
Microsoft Visual Studio Solution File, Format Version 12.00
# Visual Studio Version 16
VisualStudioVersion = 16.0.31729.503
MinimumVisualStudioVersion = 10.0.40219.1
Project("{FAE04EC0-301F-11D3-BF4B-00C04F79EFBC}") = "Tema 2", "Tema 2\Tema 2.csproj", "{1317A170-4B8C-4492-8430-A27844D239C5}"
EndProject
Global
	GlobalSection(SolutionConfigurationPlatforms) = preSolution
		Debug|Any CPU = Debug|Any CPU
		Release|Any CPU = Release|Any CPU
	EndGlobalSection
	GlobalSection(ProjectConfigurationPlatforms) = postSolution
		{1317A170-4B8C-4492-8430-A27844D239C5}.Debug|Any CPU.ActiveCfg = Debug|Any CPU
		{1317A170-4B8C-4492-8430-A27844D239C5}.Debug|Any CPU.Build.0 = Debug|Any CPU
		{1317A170-4B8C-4492-8430-A27844D239C5}.Release|Any CPU.ActiveCfg = Release|Any CPU
		{1317A170-4B8C-4492-8430-A27844D239C5}.Release|Any CPU.Build.0 = Release|Any CPU
	EndGlobalSection
	GlobalSection(SolutionProperties) = preSolution
		HideSolutionNode = FALSE
	EndGlobalSection
	GlobalSection(ExtensibilityGlobals) = postSolution
		SolutionGuid = {36094A01-53C3-4C26-8990-1354736837F0}
	EndGlobalSection
EndGlobal
