
Microsoft Visual Studio Solution File, Format Version 12.00
# Visual Studio Version 16
VisualStudioVersion = 16.0.31729.503
MinimumVisualStudioVersion = 10.0.40219.1
Project("{FAE04EC0-301F-11D3-BF4B-00C04F79EFBC}") = "Tema 3", "Tema 3\Tema 3.csproj", "{5D98D602-2C78-4824-9EBB-3E57540F81CB}"
EndProject
Global
	GlobalSection(SolutionConfigurationPlatforms) = preSolution
		Debug|Any CPU = Debug|Any CPU
		Release|Any CPU = Release|Any CPU
	EndGlobalSection
	GlobalSection(ProjectConfigurationPlatforms) = postSolution
		{5D98D602-2C78-4824-9EBB-3E57540F81CB}.Debug|Any CPU.ActiveCfg = Debug|Any CPU
		{5D98D602-2C78-4824-9EBB-3E57540F81CB}.Debug|Any CPU.Build.0 = Debug|Any CPU
		{5D98D602-2C78-4824-9EBB-3E57540F81CB}.Release|Any CPU.ActiveCfg = Release|Any CPU
		{5D98D602-2C78-4824-9EBB-3E57540F81CB}.Release|Any CPU.Build.0 = Release|Any CPU
	EndGlobalSection
	GlobalSection(SolutionProperties) = preSolution
		HideSolutionNode = FALSE
	EndGlobalSection
	GlobalSection(ExtensibilityGlobals) = postSolution
		SolutionGuid = {B8323F57-1F01-490C-8C3E-C7218383F2ED}
	EndGlobalSection
EndGlobal
