
Microsoft Visual Studio Solution File, Format Version 12.00
# Visual Studio Version 16
VisualStudioVersion = 16.0.31729.503
MinimumVisualStudioVersion = 10.0.40219.1
Project("{FAE04EC0-301F-11D3-BF4B-00C04F79EFBC}") = "Tema 12", "Tema 12\Tema 12.csproj", "{1E8E39AC-388E-4826-936A-1ABCBF7D0A5C}"
EndProject
Global
	GlobalSection(SolutionConfigurationPlatforms) = preSolution
		Debug|Any CPU = Debug|Any CPU
		Release|Any CPU = Release|Any CPU
	EndGlobalSection
	GlobalSection(ProjectConfigurationPlatforms) = postSolution
		{1E8E39AC-388E-4826-936A-1ABCBF7D0A5C}.Debug|Any CPU.ActiveCfg = Debug|Any CPU
		{1E8E39AC-388E-4826-936A-1ABCBF7D0A5C}.Debug|Any CPU.Build.0 = Debug|Any CPU
		{1E8E39AC-388E-4826-936A-1ABCBF7D0A5C}.Release|Any CPU.ActiveCfg = Release|Any CPU
		{1E8E39AC-388E-4826-936A-1ABCBF7D0A5C}.Release|Any CPU.Build.0 = Release|Any CPU
	EndGlobalSection
	GlobalSection(SolutionProperties) = preSolution
		HideSolutionNode = FALSE
	EndGlobalSection
	GlobalSection(ExtensibilityGlobals) = postSolution
		SolutionGuid = {26196824-DEE3-4D7D-B896-F60E1514A421}
	EndGlobalSection
EndGlobal
